// !$*UTF8*$!
{
	archiveVersion = 1;
	classes = {
	};
	objectVersion = 46;
	objects = {

/* Begin PBXBuildFile section */
		1B1DCE5F1AB76D88003B6F50 /* Images.xcassets in Resources */ = {isa = PBXBuildFile; fileRef = 1B1DCE5E1AB76D88003B6F50 /* Images.xcassets */; };
		1B2BFF6D1AB0BD2200B5B2F7 /* PlaySoundsViewController.swift in Sources */ = {isa = PBXBuildFile; fileRef = 1B2BFF6C1AB0BD2200B5B2F7 /* PlaySoundsViewController.swift */; };
		1B2BFF711AB0E7FB00B5B2F7 /* movie_quote.mp3 in Resources */ = {isa = PBXBuildFile; fileRef = 1B2BFF701AB0E7FB00B5B2F7 /* movie_quote.mp3 */; };
		1B7044491AAF398B005A960E /* AppDelegate.swift in Sources */ = {isa = PBXBuildFile; fileRef = 1B7044481AAF398B005A960E /* AppDelegate.swift */; };
		1B70444B1AAF398B005A960E /* RecordSoundsViewController.swift in Sources */ = {isa = PBXBuildFile; fileRef = 1B70444A1AAF398B005A960E /* RecordSoundsViewController.swift */; };
		1B70444E1AAF398B005A960E /* Main.storyboard in Resources */ = {isa = PBXBuildFile; fileRef = 1B70444C1AAF398B005A960E /* Main.storyboard */; };
		1B7044531AAF398B005A960E /* LaunchScreen.xib in Resources */ = {isa = PBXBuildFile; fileRef = 1B7044511AAF398B005A960E /* LaunchScreen.xib */; };
		1B70445F1AAF398B005A960E /* Pitch_PerfectTests.swift in Sources */ = {isa = PBXBuildFile; fileRef = 1B70445E1AAF398B005A960E /* Pitch_PerfectTests.swift */; };
		1BC8B1F51AB2330400F971C0 /* RecordedAudio.swift in Sources */ = {isa = PBXBuildFile; fileRef = 1BC8B1F41AB2330400F971C0 /* RecordedAudio.swift */; };
/* End PBXBuildFile section */

/* Begin PBXContainerItemProxy section */
		1B7044591AAF398B005A960E /* PBXContainerItemProxy */ = {
			isa = PBXContainerItemProxy;
			containerPortal = 1B70443B1AAF398B005A960E /* Project object */;
			proxyType = 1;
			remoteGlobalIDString = 1B7044421AAF398B005A960E;
			remoteInfo = "Pitch Perfect";
		};
/* End PBXContainerItemProxy section */

/* Begin PBXFileReference section */
		1B1DCE5E1AB76D88003B6F50 /* Images.xcassets */ = {isa = PBXFileReference; lastKnownFileType = folder.assetcatalog; path = Images.xcassets; sourceTree = "<group>"; };
		1B2BFF6C1AB0BD2200B5B2F7 /* PlaySoundsViewController.swift */ = {isa = PBXFileReference; fileEncoding = 4; lastKnownFileType = sourcecode.swift; path = PlaySoundsViewController.swift; sourceTree = "<group>"; };
		1B2BFF701AB0E7FB00B5B2F7 /* movie_quote.mp3 */ = {isa = PBXFileReference; lastKnownFileType = audio.mp3; path = movie_quote.mp3; sourceTree = "<group>"; };
		1B7044431AAF398B005A960E /* Pitch Perfect.app */ = {isa = PBXFileReference; explicitFileType = wrapper.application; includeInIndex = 0; path = "Pitch Perfect.app"; sourceTree = BUILT_PRODUCTS_DIR; };
		1B7044471AAF398B005A960E /* Info.plist */ = {isa = PBXFileReference; lastKnownFileType = text.plist.xml; path = Info.plist; sourceTree = "<group>"; };
		1B7044481AAF398B005A960E /* AppDelegate.swift */ = {isa = PBXFileReference; lastKnownFileType = sourcecode.swift; path = AppDelegate.swift; sourceTree = "<group>"; };
		1B70444A1AAF398B005A960E /* RecordSoundsViewController.swift */ = {isa = PBXFileReference; lastKnownFileType = sourcecode.swift; path = RecordSoundsViewController.swift; sourceTree = "<group>"; };
		1B70444D1AAF398B005A960E /* Base */ = {isa = PBXFileReference; lastKnownFileType = file.storyboard; name = Base; path = Base.lproj/Main.storyboard; sourceTree = "<group>"; };
		1B7044521AAF398B005A960E /* Base */ = {isa = PBXFileReference; lastKnownFileType = file.xib; name = Base; path = Base.lproj/LaunchScreen.xib; sourceTree = "<group>"; };
		1B7044581AAF398B005A960E /* Pitch PerfectTests.xctest */ = {isa = PBXFileReference; explicitFileType = wrapper.cfbundle; includeInIndex = 0; path = "Pitch PerfectTests.xctest"; sourceTree = BUILT_PRODUCTS_DIR; };
		1B70445D1AAF398B005A960E /* Info.plist */ = {isa = PBXFileReference; lastKnownFileType = text.plist.xml; path = Info.plist; sourceTree = "<group>"; };
		1B70445E1AAF398B005A960E /* Pitch_PerfectTests.swift */ = {isa = PBXFileReference; lastKnownFileType = sourcecode.swift; path = Pitch_PerfectTests.swift; sourceTree = "<group>"; };
		1BC8B1F41AB2330400F971C0 /* RecordedAudio.swift */ = {isa = PBXFileReference; fileEncoding = 4; lastKnownFileType = sourcecode.swift; path = RecordedAudio.swift; sourceTree = "<group>"; };
/* End PBXFileReference section */

/* Begin PBXFrameworksBuildPhase section */
		1B7044401AAF398B005A960E /* Frameworks */ = {
			isa = PBXFrameworksBuildPhase;
			buildActionMask = 2147483647;
			files = (
			);
			runOnlyForDeploymentPostprocessing = 0;
		};
		1B7044551AAF398B005A960E /* Frameworks */ = {
			isa = PBXFrameworksBuildPhase;
			buildActionMask = 2147483647;
			files = (
			);
			runOnlyForDeploymentPostprocessing = 0;
		};
/* End PBXFrameworksBuildPhase section */

/* Begin PBXGroup section */
		1B70443A1AAF398B005A960E = {
			isa = PBXGroup;
			children = (
				1B7044451AAF398B005A960E /* Pitch Perfect */,
				1B70445B1AAF398B005A960E /* Pitch PerfectTests */,
				1B7044441AAF398B005A960E /* Products */,
			);
			sourceTree = "<group>";
		};
		1B7044441AAF398B005A960E /* Products */ = {
			isa = PBXGroup;
			children = (
				1B7044431AAF398B005A960E /* Pitch Perfect.app */,
				1B7044581AAF398B005A960E /* Pitch PerfectTests.xctest */,
			);
			name = Products;
			sourceTree = "<group>";
		};
		1B7044451AAF398B005A960E /* Pitch Perfect */ = {
			isa = PBXGroup;
			children = (
				1B1DCE5E1AB76D88003B6F50 /* Images.xcassets */,
				1B7044481AAF398B005A960E /* AppDelegate.swift */,
				1B70444A1AAF398B005A960E /* RecordSoundsViewController.swift */,
				1B70444C1AAF398B005A960E /* Main.storyboard */,
				1BC8B1F41AB2330400F971C0 /* RecordedAudio.swift */,
				1B2BFF6C1AB0BD2200B5B2F7 /* PlaySoundsViewController.swift */,
				1B7044511AAF398B005A960E /* LaunchScreen.xib */,
				1B7044461AAF398B005A960E /* Supporting Files */,
			);
			path = "Pitch Perfect";
			sourceTree = "<group>";
		};
		1B7044461AAF398B005A960E /* Supporting Files */ = {
			isa = PBXGroup;
			children = (
				1B7044471AAF398B005A960E /* Info.plist */,
				1B2BFF701AB0E7FB00B5B2F7 /* movie_quote.mp3 */,
			);
			name = "Supporting Files";
			sourceTree = "<group>";
		};
		1B70445B1AAF398B005A960E /* Pitch PerfectTests */ = {
			isa = PBXGroup;
			children = (
				1B70445E1AAF398B005A960E /* Pitch_PerfectTests.swift */,
				1B70445C1AAF398B005A960E /* Supporting Files */,
			);
			path = "Pitch PerfectTests";
			sourceTree = "<group>";
		};
		1B70445C1AAF398B005A960E /* Supporting Files */ = {
			isa = PBXGroup;
			children = (
				1B70445D1AAF398B005A960E /* Info.plist */,
			);
			name = "Supporting Files";
			sourceTree = "<group>";
		};
/* End PBXGroup section */

/* Begin PBXNativeTarget section */
		1B7044421AAF398B005A960E /* Pitch Perfect */ = {
			isa = PBXNativeTarget;
			buildConfigurationList = 1B7044621AAF398B005A960E /* Build configuration list for PBXNativeTarget "Pitch Perfect" */;
			buildPhases = (
				1B70443F1AAF398B005A960E /* Sources */,
				1B7044401AAF398B005A960E /* Frameworks */,
				1B7044411AAF398B005A960E /* Resources */,
			);
			buildRules = (
			);
			dependencies = (
			);
			name = "Pitch Perfect";
			productName = "Pitch Perfect";
			productReference = 1B7044431AAF398B005A960E /* Pitch Perfect.app */;
			productType = "com.apple.product-type.application";
		};
		1B7044571AAF398B005A960E /* Pitch PerfectTests */ = {
			isa = PBXNativeTarget;
			buildConfigurationList = 1B7044651AAF398B005A960E /* Build configuration list for PBXNativeTarget "Pitch PerfectTests" */;
			buildPhases = (
				1B7044541AAF398B005A960E /* Sources */,
				1B7044551AAF398B005A960E /* Frameworks */,
				1B7044561AAF398B005A960E /* Resources */,
			);
			buildRules = (
			);
			dependencies = (
				1B70445A1AAF398B005A960E /* PBXTargetDependency */,
			);
			name = "Pitch PerfectTests";
			productName = "Pitch PerfectTests";
			productReference = 1B7044581AAF398B005A960E /* Pitch PerfectTests.xctest */;
			productType = "com.apple.product-type.bundle.unit-test";
		};
/* End PBXNativeTarget section */

/* Begin PBXProject section */
		1B70443B1AAF398B005A960E /* Project object */ = {
			isa = PBXProject;
			attributes = {
				LastUpgradeCheck = 0610;
				ORGANIZATIONNAME = Udacity;
				TargetAttributes = {
					1B7044421AAF398B005A960E = {
						CreatedOnToolsVersion = 6.1.1;
					};
					1B7044571AAF398B005A960E = {
						CreatedOnToolsVersion = 6.1.1;
						TestTargetID = 1B7044421AAF398B005A960E;
					};
				};
			};
			buildConfigurationList = 1B70443E1AAF398B005A960E /* Build configuration list for PBXProject "Pitch Perfect" */;
			compatibilityVersion = "Xcode 3.2";
			developmentRegion = English;
			hasScannedForEncodings = 0;
			knownRegions = (
				en,
				Base,
			);
			mainGroup = 1B70443A1AAF398B005A960E;
			productRefGroup = 1B7044441AAF398B005A960E /* Products */;
			projectDirPath = "";
			projectRoot = "";
			targets = (
				1B7044421AAF398B005A960E /* Pitch Perfect */,
				1B7044571AAF398B005A960E /* Pitch PerfectTests */,
			);
		};
/* End PBXProject section */

/* Begin PBXResourcesBuildPhase section */
		1B7044411AAF398B005A960E /* Resources */ = {
			isa = PBXResourcesBuildPhase;
			buildActionMask = 2147483647;
			files = (
				1B70444E1AAF398B005A960E /* Main.storyboard in Resources */,
				1B1DCE5F1AB76D88003B6F50 /* Images.xcassets in Resources */,
				1B7044531AAF398B005A960E /* LaunchScreen.xib in Resources */,
				1B2BFF711AB0E7FB00B5B2F7 /* movie_quote.mp3 in Resources */,
			);
			runOnlyForDeploymentPostprocessing = 0;
		};
		1B7044561AAF398B005A960E /* Resources */ = {
			isa = PBXResourcesBuildPhase;
			buildActionMask = 2147483647;
			files = (
			);
			runOnlyForDeploymentPostprocessing = 0;
		};
/* End PBXResourcesBuildPhase section */

/* Begin PBXSourcesBuildPhase section */
		1B70443F1AAF398B005A960E /* Sources */ = {
			isa = PBXSourcesBuildPhase;
			buildActionMask = 2147483647;
			files = (
				1BC8B1F51AB2330400F971C0 /* RecordedAudio.swift in Sources */,
				1B70444B1AAF398B005A960E /* RecordSoundsViewController.swift in Sources */,
				1B2BFF6D1AB0BD2200B5B2F7 /* PlaySoundsViewController.swift in Sources */,
				1B7044491AAF398B005A960E /* AppDelegate.swift in Sources */,
			);
			runOnlyForDeploymentPostprocessing = 0;
		};
		1B7044541AAF398B005A960E /* Sources */ = {
			isa = PBXSourcesBuildPhase;
			buildActionMask = 2147483647;
			files = (
				1B70445F1AAF398B005A960E /* Pitch_PerfectTests.swift in Sources */,
			);
			runOnlyForDeploymentPostprocessing = 0;
		};
/* End PBXSourcesBuildPhase section */

/* Begin PBXTargetDependency section */
		1B70445A1AAF398B005A960E /* PBXTargetDependency */ = {
			isa = PBXTargetDependency;
			target = 1B7044421AAF398B005A960E /* Pitch Perfect */;
			targetProxy = 1B7044591AAF398B005A960E /* PBXContainerItemProxy */;
		};
/* End PBXTargetDependency section */

/* Begin PBXVariantGroup section */
		1B70444C1AAF398B005A960E /* Main.storyboard */ = {
			isa = PBXVariantGroup;
			children = (
				1B70444D1AAF398B005A960E /* Base */,
			);
			name = Main.storyboard;
			sourceTree = "<group>";
		};
		1B7044511AAF398B005A960E /* LaunchScreen.xib */ = {
			isa = PBXVariantGroup;
			children = (
				1B7044521AAF398B005A960E /* Base */,
			);
			name = LaunchScreen.xib;
			sourceTree = "<group>";
		};
/* End PBXVariantGroup section */

/* Begin XCBuildConfiguration section */
		1B7044601AAF398B005A960E /* Debug */ = {
			isa = XCBuildConfiguration;
			buildSettings = {
				ALWAYS_SEARCH_USER_PATHS = NO;
				CLANG_CXX_LANGUAGE_STANDARD = "gnu++0x";
				CLANG_CXX_LIBRARY = "libc++";
				CLANG_ENABLE_MODULES = YES;
				CLANG_ENABLE_OBJC_ARC = YES;
				CLANG_WARN_BOOL_CONVERSION = YES;
				CLANG_WARN_CONSTANT_CONVERSION = YES;
				CLANG_WARN_DIRECT_OBJC_ISA_USAGE = YES_ERROR;
				CLANG_WARN_EMPTY_BODY = YES;
				CLANG_WARN_ENUM_CONVERSION = YES;
				CLANG_WARN_INT_CONVERSION = YES;
				CLANG_WARN_OBJC_ROOT_CLASS = YES_ERROR;
				CLANG_WARN_UNREACHABLE_CODE = YES;
				CLANG_WARN__DUPLICATE_METHOD_MATCH = YES;
				"CODE_SIGN_IDENTITY[sdk=iphoneos*]" = "iPhone Developer";
				COPY_PHASE_STRIP = NO;
				ENABLE_STRICT_OBJC_MSGSEND = YES;
				GCC_C_LANGUAGE_STANDARD = gnu99;
				GCC_DYNAMIC_NO_PIC = NO;
				GCC_OPTIMIZATION_LEVEL = 0;
				GCC_PREPROCESSOR_DEFINITIONS = (
					"DEBUG=1",
					"$(inherited)",
				);
				GCC_SYMBOLS_PRIVATE_EXTERN = NO;
				GCC_WARN_64_TO_32_BIT_CONVERSION = YES;
				GCC_WARN_ABOUT_RETURN_TYPE = YES_ERROR;
				GCC_WARN_UNDECLARED_SELECTOR = YES;
				GCC_WARN_UNINITIALIZED_AUTOS = YES_AGGRESSIVE;
				GCC_WARN_UNUSED_FUNCTION = YES;
				GCC_WARN_UNUSED_VARIABLE = YES;
				IPHONEOS_DEPLOYMENT_TARGET = 8.1;
				MTL_ENABLE_DEBUG_INFO = YES;
				ONLY_ACTIVE_ARCH = YES;
				SDKROOT = iphoneos;
				SWIFT_OPTIMIZATION_LEVEL = "-Onone";
			};
			name = Debug;
		};
		1B7044611AAF398B005A960E /* Release */ = {
			isa = XCBuildConfiguration;
			buildSettings = {
				ALWAYS_SEARCH_USER_PATHS = NO;
				CLANG_CXX_LANGUAGE_STANDARD = "gnu++0x";
				CLANG_CXX_LIBRARY = "libc++";
				CLANG_ENABLE_MODULES = YES;
				CLANG_ENABLE_OBJC_ARC = YES;
				CLANG_WARN_BOOL_CONVERSION = YES;
				CLANG_WARN_CONSTANT_CONVERSION = YES;
				CLANG_WARN_DIRECT_OBJC_ISA_USAGE = YES_ERROR;
				CLANG_WARN_EMPTY_BODY = YES;
				CLANG_WARN_ENUM_CONVERSION = YES;
				CLANG_WARN_INT_CONVERSION = YES;
				CLANG_WARN_OBJC_ROOT_CLASS = YES_ERROR;
				CLANG_WARN_UNREACHABLE_CODE = YES;
				CLANG_WARN__DUPLICATE_METHOD_MATCH = YES;
				"CODE_SIGN_IDENTITY[sdk=iphoneos*]" = "iPhone Developer";
				COPY_PHASE_STRIP = YES;
				ENABLE_NS_ASSERTIONS = NO;
				ENABLE_STRICT_OBJC_MSGSEND = YES;
				GCC_C_LANGUAGE_STANDARD = gnu99;
				GCC_WARN_64_TO_32_BIT_CONVERSION = YES;
				GCC_WARN_ABOUT_RETURN_TYPE = YES_ERROR;
				GCC_WARN_UNDECLARED_SELECTOR = YES;
				GCC_WARN_UNINITIALIZED_AUTOS = YES_AGGRESSIVE;
				GCC_WARN_UNUSED_FUNCTION = YES;
				GCC_WARN_UNUSED_VARIABLE = YES;
				IPHONEOS_DEPLOYMENT_TARGET = 8.1;
				MTL_ENABLE_DEBUG_INFO = NO;
				SDKROOT = iphoneos;
				VALIDATE_PRODUCT = YES;
			};
			name = Release;
		};
		1B7044631AAF398B005A960E /* Debug */ = {
			isa = XCBuildConfiguration;
			buildSettings = {
				ASSETCATALOG_COMPILER_APPICON_NAME = AppIcon;
				INFOPLIST_FILE = "Pitch Perfect/Info.plist";
				LD_RUNPATH_SEARCH_PATHS = "$(inherited) @executable_path/Frameworks";
				PRODUCT_NAME = "$(TARGET_NAME)";
			};
			name = Debug;
		};
		1B7044641AAF398B005A960E /* Release */ = {
			isa = XCBuildConfiguration;
			buildSettings = {
				ASSETCATALOG_COMPILER_APPICON_NAME = AppIcon;
				INFOPLIST_FILE = "Pitch Perfect/Info.plist";
				LD_RUNPATH_SEARCH_PATHS = "$(inherited) @executable_path/Frameworks";
				PRODUCT_NAME = "$(TARGET_NAME)";
			};
			name = Release;
		};
		1B7044661AAF398B005A960E /* Debug */ = {
			isa = XCBuildConfiguration;
			buildSettings = {
				BUNDLE_LOADER = "$(TEST_HOST)";
				FRAMEWORK_SEARCH_PATHS = (
					"$(SDKROOT)/Developer/Library/Frameworks",
					"$(inherited)",
				);
				GCC_PREPROCESSOR_DEFINITIONS = (
					"DEBUG=1",
					"$(inherited)",
				);
				INFOPLIST_FILE = "Pitch PerfectTests/Info.plist";
				LD_RUNPATH_SEARCH_PATHS = "$(inherited) @executable_path/Frameworks @loader_path/Frameworks";
				PRODUCT_NAME = "$(TARGET_NAME)";
				TEST_HOST = "$(BUILT_PRODUCTS_DIR)/Pitch Perfect.app/Pitch Perfect";
			};
			name = Debug;
		};
		1B7044671AAF398B005A960E /* Release */ = {
			isa = XCBuildConfiguration;
			buildSettings = {
				BUNDLE_LOADER = "$(TEST_HOST)";
				FRAMEWORK_SEARCH_PATHS = (
					"$(SDKROOT)/Developer/Library/Frameworks",
					"$(inherited)",
				);
				INFOPLIST_FILE = "Pitch PerfectTests/Info.plist";
				LD_RUNPATH_SEARCH_PATHS = "$(inherited) @executable_path/Frameworks @loader_path/Frameworks";
				PRODUCT_NAME = "$(TARGET_NAME)";
				TEST_HOST = "$(BUILT_PRODUCTS_DIR)/Pitch Perfect.app/Pitch Perfect";
			};
			name = Release;
		};
/* End XCBuildConfiguration section */

/* Begin XCConfigurationList section */
		1B70443E1AAF398B005A960E /* Build configuration list for PBXProject "Pitch Perfect" */ = {
			isa = XCConfigurationList;
			buildConfigurations = (
				1B7044601AAF398B005A960E /* Debug */,
				1B7044611AAF398B005A960E /* Release */,
			);
			defaultConfigurationIsVisible = 0;
			defaultConfigurationName = Release;
		};
		1B7044621AAF398B005A960E /* Build configuration list for PBXNativeTarget "Pitch Perfect" */ = {
			isa = XCConfigurationList;
			buildConfigurations = (
				1B7044631AAF398B005A960E /* Debug */,
				1B7044641AAF398B005A960E /* Release */,
			);
			defaultConfigurationIsVisible = 0;
			defaultConfigurationName = Release;
		};
		1B7044651AAF398B005A960E /* Build configuration list for PBXNativeTarget "Pitch PerfectTests" */ = {
			isa = XCConfigurationList;
			buildConfigurations = (
				1B7044661AAF398B005A960E /* Debug */,
				1B7044671AAF398B005A960E /* Release */,
			);
			defaultConfigurationIsVisible = 0;
			defaultConfigurationName = Release;
		};
/* End XCConfigurationList section */
	};
	rootObject = 1B70443B1AAF398B005A960E /* Project object */;
}
